
Microsoft Visual Studio Solution File, Format Version 12.00
# Visual Studio Version 16
VisualStudioVersion = 16.0.31624.102
MinimumVisualStudioVersion = 10.0.40219.1
Project("{FAE04EC0-301F-11D3-BF4B-00C04F79EFBC}") = "ApplicationForVacancy", "ApplicationForVacancy\ApplicationForVacancy.csproj", "{48E6E37A-9B9A-4087-AE4C-3DB1947877D8}"
EndProject
Global
	GlobalSection(SolutionConfigurationPlatforms) = preSolution
		Debug|Any CPU = Debug|Any CPU
		Release|Any CPU = Release|Any CPU
	EndGlobalSection
	GlobalSection(ProjectConfigurationPlatforms) = postSolution
		{48E6E37A-9B9A-4087-AE4C-3DB1947877D8}.Debug|Any CPU.ActiveCfg = Debug|Any CPU
		{48E6E37A-9B9A-4087-AE4C-3DB1947877D8}.Debug|Any CPU.Build.0 = Debug|Any CPU
		{48E6E37A-9B9A-4087-AE4C-3DB1947877D8}.Release|Any CPU.ActiveCfg = Release|Any CPU
		{48E6E37A-9B9A-4087-AE4C-3DB1947877D8}.Release|Any CPU.Build.0 = Release|Any CPU
	EndGlobalSection
	GlobalSection(SolutionProperties) = preSolution
		HideSolutionNode = FALSE
	EndGlobalSection
	GlobalSection(ExtensibilityGlobals) = postSolution
		SolutionGuid = {3D21C8BA-6769-4AFC-8F13-7F08A20BFC1C}
	EndGlobalSection
EndGlobal
